
Microsoft Visual Studio Solution File, Format Version 12.00
# Visual Studio Version 16
VisualStudioVersion = 16.0.29613.14
MinimumVisualStudioVersion = 10.0.40219.1
Project("{2150E333-8FDC-42A3-9474-1A3956D46DE8}") = "src", "src", "{BFDC41EC-8920-40F0-820A-478906017CA6}"
EndProject
Project("{2150E333-8FDC-42A3-9474-1A3956D46DE8}") = "Building Blocks", "Building Blocks", "{3065AA38-565C-472E-A069-B4A225A790C1}"
EndProject
Project("{2150E333-8FDC-42A3-9474-1A3956D46DE8}") = "Services", "Services", "{01889149-EB91-4826-8E02-C6FDF529A3A9}"
EndProject
Project("{2150E333-8FDC-42A3-9474-1A3956D46DE8}") = "Web", "Web", "{A56AF6DC-00C6-41E1-8716-192951333EA2}"
EndProject
Project("{2150E333-8FDC-42A3-9474-1A3956D46DE8}") = "Identidade", "Identidade", "{5AE6DBD7-BB12-4EB0-834A-9E7CBB30A018}"
EndProject
Project("{9A19103F-16F7-4668-BE54-9A1E7A4F7556}") = "NSE.Identidade.Api", "src\services\NSE.Identidade.Api\NSE.Identidade.Api.csproj", "{C41BE12B-0434-43F8-A112-06EFFA42E0B2}"
EndProject
Project("{2150E333-8FDC-42A3-9474-1A3956D46DE8}") = "MVC", "MVC", "{57BF9CED-5758-4098-A045-53E9334640FF}"
EndProject
Project("{9A19103F-16F7-4668-BE54-9A1E7A4F7556}") = "NSE.WebApp.MVC", "src\web\NSE.WebApp.MVC\NSE.WebApp.MVC.csproj", "{B02B29ED-1DEE-400F-A328-07468A6B8BEE}"
EndProject
Project("{2150E333-8FDC-42A3-9474-1A3956D46DE8}") = "Core", "Core", "{3C311677-174A-4A4F-8EE1-17254DE4550F}"
EndProject
Project("{9A19103F-16F7-4668-BE54-9A1E7A4F7556}") = "NSE.Core", "src\building-blocks\NSE.Core\NSE.Core.csproj", "{3A36EC15-FAF1-47B7-9B7F-107B5CBA1377}"
EndProject
Project("{2150E333-8FDC-42A3-9474-1A3956D46DE8}") = "Carrinho", "Carrinho", "{02DBE960-8124-49A7-85BB-B16B5ECE7EEC}"
EndProject
Project("{2150E333-8FDC-42A3-9474-1A3956D46DE8}") = "Catalogo", "Catalogo", "{AAA89049-B09F-4C4B-8980-117EF731874C}"
EndProject
Project("{2150E333-8FDC-42A3-9474-1A3956D46DE8}") = "Cliente", "Cliente", "{5D6C96AB-8EB8-4EEA-AB1A-59B31E79E3BC}"
EndProject
Project("{2150E333-8FDC-42A3-9474-1A3956D46DE8}") = "Pagamento", "Pagamento", "{2A7B6BD5-F342-4FF0-9E77-4D7CFE14464B}"
EndProject
Project("{2150E333-8FDC-42A3-9474-1A3956D46DE8}") = "Pedido", "Pedido", "{1C5DEB55-A0E2-4F26-BDA9-18718FD6870B}"
EndProject
Project("{9A19103F-16F7-4668-BE54-9A1E7A4F7556}") = "NSE.Carrinho.Api", "src\services\NSE.Carrinho.Api\NSE.Carrinho.Api.csproj", "{3617244B-6EDB-4954-BD2C-99739B0715BF}"
EndProject
Project("{9A19103F-16F7-4668-BE54-9A1E7A4F7556}") = "NSE.Catalogo.Api", "src\services\NSE.Catalogo.Api\NSE.Catalogo.Api.csproj", "{42772BA3-4F36-438A-89D3-6279EA025143}"
EndProject
Project("{9A19103F-16F7-4668-BE54-9A1E7A4F7556}") = "NSE.Clientes.Api", "src\services\NSE.Cliente.Api\NSE.Clientes.Api.csproj", "{32B5B81B-4F28-4332-9226-9E7F68C92499}"
EndProject
Project("{9A19103F-16F7-4668-BE54-9A1E7A4F7556}") = "NSE.Pagamentos.Api", "src\services\NSE.Pagamento.Api\NSE.Pagamentos.Api.csproj", "{6A5A6BE7-FC42-443C-880E-29A2E34A56FB}"
EndProject
Project("{9A19103F-16F7-4668-BE54-9A1E7A4F7556}") = "NSE.Pedidos.Api", "src\services\NSE.Pedido.Api\NSE.Pedidos.Api.csproj", "{6BC20EAC-4217-40D1-8DEB-B1C7E3FDD10B}"
EndProject
Project("{2150E333-8FDC-42A3-9474-1A3956D46DE8}") = "Services", "Services", "{A06DC0F3-CD05-4266-B1B6-0BCE8C284947}"
EndProject
Project("{9A19103F-16F7-4668-BE54-9A1E7A4F7556}") = "NSE.WebAPI.Core", "src\building-blocks\NSE.WebAPI.Core\NSE.WebAPI.Core.csproj", "{B6837889-2B55-498E-BA5D-D0B15B5F4D5C}"
EndProject
Project("{2150E333-8FDC-42A3-9474-1A3956D46DE8}") = "MessageBus", "MessageBus", "{A9A8530F-F597-4B8A-908C-01CF5B447A75}"
EndProject
Project("{9A19103F-16F7-4668-BE54-9A1E7A4F7556}") = "NSE.MessageBus", "src\building-blocks\NSE.MessageBus\NSE.MessageBus.csproj", "{6926AF0B-BFA0-4372-A77F-26503A41AB14}"
EndProject
Project("{2150E333-8FDC-42A3-9474-1A3956D46DE8}") = "ApiGateways", "ApiGateways", "{B820E0E1-5650-4A5A-8AFB-0A875C56F7C6}"
EndProject
Project("{2150E333-8FDC-42A3-9474-1A3956D46DE8}") = "Compras", "Compras", "{8E34563E-AE07-47FE-9555-43F753FCD0CE}"
EndProject
Project("{9A19103F-16F7-4668-BE54-9A1E7A4F7556}") = "NSE.Bff.Compras", "src\api gateways\NSE.Bff.Compras\NSE.Bff.Compras.csproj", "{4B8E423F-2BB4-4689-97AE-44C666527198}"
EndProject
Project("{9A19103F-16F7-4668-BE54-9A1E7A4F7556}") = "NSE.Pedidos.Domain", "src\services\NSE.Pedidos.Domain\NSE.Pedidos.Domain.csproj", "{4BC44D44-1254-4BA7-B0F4-F807B79A18AF}"
EndProject
Project("{9A19103F-16F7-4668-BE54-9A1E7A4F7556}") = "NSE.Pedidos.Infra", "src\services\NSE.Pedidos.Infra\NSE.Pedidos.Infra.csproj", "{018E21E4-1326-4A7F-B95B-547B1661FB1F}"
EndProject
Project("{FAE04EC0-301F-11D3-BF4B-00C04F79EFBC}") = "NSE.Pagamentos.NerdsPag", "src\services\NSE.Pagamentos.NerdsPag\NSE.Pagamentos.NerdsPag.csproj", "{C619C79E-87A0-477F-85D3-76B03F958750}"
EndProject
Global
	GlobalSection(SolutionConfigurationPlatforms) = preSolution
		Debug|Any CPU = Debug|Any CPU
		Release|Any CPU = Release|Any CPU
	EndGlobalSection
	GlobalSection(ProjectConfigurationPlatforms) = postSolution
		{C41BE12B-0434-43F8-A112-06EFFA42E0B2}.Debug|Any CPU.ActiveCfg = Debug|Any CPU
		{C41BE12B-0434-43F8-A112-06EFFA42E0B2}.Debug|Any CPU.Build.0 = Debug|Any CPU
		{C41BE12B-0434-43F8-A112-06EFFA42E0B2}.Release|Any CPU.ActiveCfg = Release|Any CPU
		{C41BE12B-0434-43F8-A112-06EFFA42E0B2}.Release|Any CPU.Build.0 = Release|Any CPU
		{B02B29ED-1DEE-400F-A328-07468A6B8BEE}.Debug|Any CPU.ActiveCfg = Debug|Any CPU
		{B02B29ED-1DEE-400F-A328-07468A6B8BEE}.Debug|Any CPU.Build.0 = Debug|Any CPU
		{B02B29ED-1DEE-400F-A328-07468A6B8BEE}.Release|Any CPU.ActiveCfg = Release|Any CPU
		{B02B29ED-1DEE-400F-A328-07468A6B8BEE}.Release|Any CPU.Build.0 = Release|Any CPU
		{3A36EC15-FAF1-47B7-9B7F-107B5CBA1377}.Debug|Any CPU.ActiveCfg = Debug|Any CPU
		{3A36EC15-FAF1-47B7-9B7F-107B5CBA1377}.Debug|Any CPU.Build.0 = Debug|Any CPU
		{3A36EC15-FAF1-47B7-9B7F-107B5CBA1377}.Release|Any CPU.ActiveCfg = Release|Any CPU
		{3A36EC15-FAF1-47B7-9B7F-107B5CBA1377}.Release|Any CPU.Build.0 = Release|Any CPU
		{3617244B-6EDB-4954-BD2C-99739B0715BF}.Debug|Any CPU.ActiveCfg = Debug|Any CPU
		{3617244B-6EDB-4954-BD2C-99739B0715BF}.Debug|Any CPU.Build.0 = Debug|Any CPU
		{3617244B-6EDB-4954-BD2C-99739B0715BF}.Release|Any CPU.ActiveCfg = Release|Any CPU
		{3617244B-6EDB-4954-BD2C-99739B0715BF}.Release|Any CPU.Build.0 = Release|Any CPU
		{42772BA3-4F36-438A-89D3-6279EA025143}.Debug|Any CPU.ActiveCfg = Debug|Any CPU
		{42772BA3-4F36-438A-89D3-6279EA025143}.Debug|Any CPU.Build.0 = Debug|Any CPU
		{42772BA3-4F36-438A-89D3-6279EA025143}.Release|Any CPU.ActiveCfg = Release|Any CPU
		{42772BA3-4F36-438A-89D3-6279EA025143}.Release|Any CPU.Build.0 = Release|Any CPU
		{32B5B81B-4F28-4332-9226-9E7F68C92499}.Debug|Any CPU.ActiveCfg = Debug|Any CPU
		{32B5B81B-4F28-4332-9226-9E7F68C92499}.Debug|Any CPU.Build.0 = Debug|Any CPU
		{32B5B81B-4F28-4332-9226-9E7F68C92499}.Release|Any CPU.ActiveCfg = Release|Any CPU
		{32B5B81B-4F28-4332-9226-9E7F68C92499}.Release|Any CPU.Build.0 = Release|Any CPU
		{6A5A6BE7-FC42-443C-880E-29A2E34A56FB}.Debug|Any CPU.ActiveCfg = Debug|Any CPU
		{6A5A6BE7-FC42-443C-880E-29A2E34A56FB}.Debug|Any CPU.Build.0 = Debug|Any CPU
		{6A5A6BE7-FC42-443C-880E-29A2E34A56FB}.Release|Any CPU.ActiveCfg = Release|Any CPU
		{6A5A6BE7-FC42-443C-880E-29A2E34A56FB}.Release|Any CPU.Build.0 = Release|Any CPU
		{6BC20EAC-4217-40D1-8DEB-B1C7E3FDD10B}.Debug|Any CPU.ActiveCfg = Debug|Any CPU
		{6BC20EAC-4217-40D1-8DEB-B1C7E3FDD10B}.Debug|Any CPU.Build.0 = Debug|Any CPU
		{6BC20EAC-4217-40D1-8DEB-B1C7E3FDD10B}.Release|Any CPU.ActiveCfg = Release|Any CPU
		{6BC20EAC-4217-40D1-8DEB-B1C7E3FDD10B}.Release|Any CPU.Build.0 = Release|Any CPU
		{B6837889-2B55-498E-BA5D-D0B15B5F4D5C}.Debug|Any CPU.ActiveCfg = Debug|Any CPU
		{B6837889-2B55-498E-BA5D-D0B15B5F4D5C}.Debug|Any CPU.Build.0 = Debug|Any CPU
		{B6837889-2B55-498E-BA5D-D0B15B5F4D5C}.Release|Any CPU.ActiveCfg = Release|Any CPU
		{B6837889-2B55-498E-BA5D-D0B15B5F4D5C}.Release|Any CPU.Build.0 = Release|Any CPU
		{6926AF0B-BFA0-4372-A77F-26503A41AB14}.Debug|Any CPU.ActiveCfg = Debug|Any CPU
		{6926AF0B-BFA0-4372-A77F-26503A41AB14}.Debug|Any CPU.Build.0 = Debug|Any CPU
		{6926AF0B-BFA0-4372-A77F-26503A41AB14}.Release|Any CPU.ActiveCfg = Release|Any CPU
		{6926AF0B-BFA0-4372-A77F-26503A41AB14}.Release|Any CPU.Build.0 = Release|Any CPU
		{4B8E423F-2BB4-4689-97AE-44C666527198}.Debug|Any CPU.ActiveCfg = Debug|Any CPU
		{4B8E423F-2BB4-4689-97AE-44C666527198}.Debug|Any CPU.Build.0 = Debug|Any CPU
		{4B8E423F-2BB4-4689-97AE-44C666527198}.Release|Any CPU.ActiveCfg = Release|Any CPU
		{4B8E423F-2BB4-4689-97AE-44C666527198}.Release|Any CPU.Build.0 = Release|Any CPU
		{4BC44D44-1254-4BA7-B0F4-F807B79A18AF}.Debug|Any CPU.ActiveCfg = Debug|Any CPU
		{4BC44D44-1254-4BA7-B0F4-F807B79A18AF}.Debug|Any CPU.Build.0 = Debug|Any CPU
		{4BC44D44-1254-4BA7-B0F4-F807B79A18AF}.Release|Any CPU.ActiveCfg = Release|Any CPU
		{4BC44D44-1254-4BA7-B0F4-F807B79A18AF}.Release|Any CPU.Build.0 = Release|Any CPU
		{018E21E4-1326-4A7F-B95B-547B1661FB1F}.Debug|Any CPU.ActiveCfg = Debug|Any CPU
		{018E21E4-1326-4A7F-B95B-547B1661FB1F}.Debug|Any CPU.Build.0 = Debug|Any CPU
		{018E21E4-1326-4A7F-B95B-547B1661FB1F}.Release|Any CPU.ActiveCfg = Release|Any CPU
		{018E21E4-1326-4A7F-B95B-547B1661FB1F}.Release|Any CPU.Build.0 = Release|Any CPU
		{C619C79E-87A0-477F-85D3-76B03F958750}.Debug|Any CPU.ActiveCfg = Debug|Any CPU
		{C619C79E-87A0-477F-85D3-76B03F958750}.Debug|Any CPU.Build.0 = Debug|Any CPU
		{C619C79E-87A0-477F-85D3-76B03F958750}.Release|Any CPU.ActiveCfg = Release|Any CPU
		{C619C79E-87A0-477F-85D3-76B03F958750}.Release|Any CPU.Build.0 = Release|Any CPU
	EndGlobalSection
	GlobalSection(SolutionProperties) = preSolution
		HideSolutionNode = FALSE
	EndGlobalSection
	GlobalSection(NestedProjects) = preSolution
		{3065AA38-565C-472E-A069-B4A225A790C1} = {BFDC41EC-8920-40F0-820A-478906017CA6}
		{01889149-EB91-4826-8E02-C6FDF529A3A9} = {BFDC41EC-8920-40F0-820A-478906017CA6}
		{A56AF6DC-00C6-41E1-8716-192951333EA2} = {BFDC41EC-8920-40F0-820A-478906017CA6}
		{5AE6DBD7-BB12-4EB0-834A-9E7CBB30A018} = {01889149-EB91-4826-8E02-C6FDF529A3A9}
		{C41BE12B-0434-43F8-A112-06EFFA42E0B2} = {5AE6DBD7-BB12-4EB0-834A-9E7CBB30A018}
		{57BF9CED-5758-4098-A045-53E9334640FF} = {A56AF6DC-00C6-41E1-8716-192951333EA2}
		{B02B29ED-1DEE-400F-A328-07468A6B8BEE} = {57BF9CED-5758-4098-A045-53E9334640FF}
		{3C311677-174A-4A4F-8EE1-17254DE4550F} = {3065AA38-565C-472E-A069-B4A225A790C1}
		{3A36EC15-FAF1-47B7-9B7F-107B5CBA1377} = {3C311677-174A-4A4F-8EE1-17254DE4550F}
		{02DBE960-8124-49A7-85BB-B16B5ECE7EEC} = {01889149-EB91-4826-8E02-C6FDF529A3A9}
		{AAA89049-B09F-4C4B-8980-117EF731874C} = {01889149-EB91-4826-8E02-C6FDF529A3A9}
		{5D6C96AB-8EB8-4EEA-AB1A-59B31E79E3BC} = {01889149-EB91-4826-8E02-C6FDF529A3A9}
		{2A7B6BD5-F342-4FF0-9E77-4D7CFE14464B} = {01889149-EB91-4826-8E02-C6FDF529A3A9}
		{1C5DEB55-A0E2-4F26-BDA9-18718FD6870B} = {01889149-EB91-4826-8E02-C6FDF529A3A9}
		{3617244B-6EDB-4954-BD2C-99739B0715BF} = {02DBE960-8124-49A7-85BB-B16B5ECE7EEC}
		{42772BA3-4F36-438A-89D3-6279EA025143} = {AAA89049-B09F-4C4B-8980-117EF731874C}
		{32B5B81B-4F28-4332-9226-9E7F68C92499} = {5D6C96AB-8EB8-4EEA-AB1A-59B31E79E3BC}
		{6A5A6BE7-FC42-443C-880E-29A2E34A56FB} = {2A7B6BD5-F342-4FF0-9E77-4D7CFE14464B}
		{6BC20EAC-4217-40D1-8DEB-B1C7E3FDD10B} = {1C5DEB55-A0E2-4F26-BDA9-18718FD6870B}
		{A06DC0F3-CD05-4266-B1B6-0BCE8C284947} = {3065AA38-565C-472E-A069-B4A225A790C1}
		{B6837889-2B55-498E-BA5D-D0B15B5F4D5C} = {A06DC0F3-CD05-4266-B1B6-0BCE8C284947}
		{A9A8530F-F597-4B8A-908C-01CF5B447A75} = {3065AA38-565C-472E-A069-B4A225A790C1}
		{6926AF0B-BFA0-4372-A77F-26503A41AB14} = {A9A8530F-F597-4B8A-908C-01CF5B447A75}
		{B820E0E1-5650-4A5A-8AFB-0A875C56F7C6} = {BFDC41EC-8920-40F0-820A-478906017CA6}
		{8E34563E-AE07-47FE-9555-43F753FCD0CE} = {B820E0E1-5650-4A5A-8AFB-0A875C56F7C6}
		{4B8E423F-2BB4-4689-97AE-44C666527198} = {8E34563E-AE07-47FE-9555-43F753FCD0CE}
		{4BC44D44-1254-4BA7-B0F4-F807B79A18AF} = {1C5DEB55-A0E2-4F26-BDA9-18718FD6870B}
		{018E21E4-1326-4A7F-B95B-547B1661FB1F} = {1C5DEB55-A0E2-4F26-BDA9-18718FD6870B}
		{C619C79E-87A0-477F-85D3-76B03F958750} = {2A7B6BD5-F342-4FF0-9E77-4D7CFE14464B}
	EndGlobalSection
	GlobalSection(ExtensibilityGlobals) = postSolution
		SolutionGuid = {84470963-7F22-43A9-969C-66ED7D8A98F5}
	EndGlobalSection
EndGlobal
